// !$*UTF8*$!
{
	archiveVersion = 1;
	classes = {
	};
	objectVersion = 77;
	objects = {

/* Begin PBXBuildFile section */
		A1B2C3D4E5F6000000000001 /* Assets.xcassets in Resources */ = {isa = PBXBuildFile; fileRef = A1B2C3D4E5F6000000000002 /* Assets.xcassets */; };
/* End PBXBuildFile section */

/* Begin PBXContainerItemProxy section */
		0EA8FE382F510B9400F7AFAB /* PBXContainerItemProxy */ = {
			isa = PBXContainerItemProxy;
			containerPortal = 0EA8FE1F2F510B9000F7AFAB /* Project object */;
			proxyType = 1;
			remoteGlobalIDString = 0EA8FE262F510B9100F7AFAB;
			remoteInfo = ClipboardHistory;
		};
/* End PBXContainerItemProxy section */

/* Begin PBXFileReference section */
		0EA8FE272F510B9100F7AFAB /* ClipboardHistory.app */ = {isa = PBXFileReference; explicitFileType = wrapper.application; includeInIndex = 0; path = ClipboardHistory.app; sourceTree = BUILT_PRODUCTS_DIR; };
		0EA8FE372F510B9400F7AFAB /* ClipboardHistoryTests.xctest */ = {isa = PBXFileReference; explicitFileType = wrapper.cfbundle; includeInIndex = 0; path = ClipboardHistoryTests.xctest; sourceTree = BUILT_PRODUCTS_DIR; };
		A1B2C3D4E5F6000000000002 /* Assets.xcassets */ = {isa = PBXFileReference; lastKnownFileType = folder.assetcatalog; path = App/Assets.xcassets; sourceTree = "<group>"; };
/* End PBXFileReference section */

/* Begin PBXFileSystemSynchronizedBuildFileExceptionSet section */
			0EA8FE672F510F3000F7AFAB /* Exceptions for "App" folder in "ClipboardHistory" target */ = {
				isa = PBXFileSystemSynchronizedBuildFileExceptionSet;
				membershipExceptions = (
					AppSettings.swift,
					AppDelegate.swift,
					ClipboardHistoryApp.swift,
				);
				target = 0EA8FE262F510B9100F7AFAB /* ClipboardHistory */;
			};
		0EA8FE6E2F510FA800F7AFAB /* Exceptions for "Models" folder in "ClipboardHistory" target */ = {
			isa = PBXFileSystemSynchronizedBuildFileExceptionSet;
			membershipExceptions = (
				ClipboardItem.swift,
			);
			target = 0EA8FE262F510B9100F7AFAB /* ClipboardHistory */;
		};
			0EA8FE702F510FAE00F7AFAB /* Exceptions for "Managers" folder in "ClipboardHistory" target */ = {
				isa = PBXFileSystemSynchronizedBuildFileExceptionSet;
				membershipExceptions = (
					ClipboardDedupeKey.swift,
					CodexIntegrationManager.swift,
					ClipboardController.swift,
					ClipboardDataManager.swift,
					FileLocalHistoryManager.swift,
					ClipboardStoragePaths.swift,
					ClipboardStoreBootstrapper.swift,
					HotKeyManager.swift,
					PasteSynthesizer.swift,
				);
			target = 0EA8FE262F510B9100F7AFAB /* ClipboardHistory */;
		};
		0EA8FE752F510FBF00F7AFAB /* Exceptions for "Views" folder in "ClipboardHistory" target */ = {
			isa = PBXFileSystemSynchronizedBuildFileExceptionSet;
			membershipExceptions = (
				ClipboardHistoryView.swift,
				ClipboardPanel.swift,
				HistoryRowView.swift,
				SettingsView.swift,
				UIComponents.swift,
			);
			target = 0EA8FE262F510B9100F7AFAB /* ClipboardHistory */;
		};
		7A1B2C3D4E5F678900112233 /* Exceptions for "ClipboardHistoryTests" folder in "ClipboardHistoryTests" target */ = {
			isa = PBXFileSystemSynchronizedBuildFileExceptionSet;
				membershipExceptions = (
					AppDelegateTargetSelectionTests.swift,
					ClipboardDataManagerBehaviorTests.swift,
					CodexIntegrationManagerTests.swift,
					ClipboardStoreBootstrapperTests.swift,
					ClipboardWorkflowRegressionTests.swift,
					EditorNSTextViewKeyboardTests.swift,
					FileLocalHistoryManagerTests.swift,
					PanelKeyboardRoutingTests.swift,
				);
			target = 0EA8FE362F510B9400F7AFAB /* ClipboardHistoryTests */;
		};
/* End PBXFileSystemSynchronizedBuildFileExceptionSet section */

/* Begin PBXFileSystemSynchronizedRootGroup section */
		0EA8FE542F510BBC00F7AFAB /* App */ = {
			isa = PBXFileSystemSynchronizedRootGroup;
			exceptions = (
				0EA8FE672F510F3000F7AFAB /* Exceptions for "App" folder in "ClipboardHistory" target */,
			);
			path = App;
			sourceTree = "<group>";
		};
		0EA8FE562F510BD200F7AFAB /* Models */ = {
			isa = PBXFileSystemSynchronizedRootGroup;
			exceptions = (
				0EA8FE6E2F510FA800F7AFAB /* Exceptions for "Models" folder in "ClipboardHistory" target */,
			);
			path = Models;
			sourceTree = "<group>";
		};
		0EA8FE572F510BEB00F7AFAB /* Managers */ = {
			isa = PBXFileSystemSynchronizedRootGroup;
			exceptions = (
				0EA8FE702F510FAE00F7AFAB /* Exceptions for "Managers" folder in "ClipboardHistory" target */,
			);
			path = Managers;
			sourceTree = "<group>";
		};
		0EA8FE592F510C1000F7AFAB /* Views */ = {
			isa = PBXFileSystemSynchronizedRootGroup;
			exceptions = (
				0EA8FE752F510FBF00F7AFAB /* Exceptions for "Views" folder in "ClipboardHistory" target */,
			);
			path = Views;
			sourceTree = "<group>";
		};
		7A1B2C3D4E5F678900112234 /* ClipboardHistoryTests */ = {
			isa = PBXFileSystemSynchronizedRootGroup;
			exceptions = (
				7A1B2C3D4E5F678900112233 /* Exceptions for "ClipboardHistoryTests" folder in "ClipboardHistoryTests" target */,
			);
			path = ClipboardHistoryTests;
			sourceTree = "<group>";
		};
/* End PBXFileSystemSynchronizedRootGroup section */

/* Begin PBXFrameworksBuildPhase section */
		0EA8FE242F510B9100F7AFAB /* Frameworks */ = {
			isa = PBXFrameworksBuildPhase;
			buildActionMask = 2147483647;
			files = (
			);
			runOnlyForDeploymentPostprocessing = 0;
		};
		0EA8FE342F510B9400F7AFAB /* Frameworks */ = {
			isa = PBXFrameworksBuildPhase;
			buildActionMask = 2147483647;
			files = (
			);
			runOnlyForDeploymentPostprocessing = 0;
		};
/* End PBXFrameworksBuildPhase section */

/* Begin PBXGroup section */
		0EA8FE1E2F510B9000F7AFAB = {
			isa = PBXGroup;
			children = (
				0EA8FE282F510B9100F7AFAB /* Products */,
				A1B2C3D4E5F6000000000002 /* Assets.xcassets */,
				0EA8FE542F510BBC00F7AFAB /* App */,
				0EA8FE562F510BD200F7AFAB /* Models */,
				0EA8FE572F510BEB00F7AFAB /* Managers */,
				0EA8FE592F510C1000F7AFAB /* Views */,
				7A1B2C3D4E5F678900112234 /* ClipboardHistoryTests */,
			);
			sourceTree = "<group>";
		};
		0EA8FE282F510B9100F7AFAB /* Products */ = {
			isa = PBXGroup;
			children = (
				0EA8FE272F510B9100F7AFAB /* ClipboardHistory.app */,
				0EA8FE372F510B9400F7AFAB /* ClipboardHistoryTests.xctest */,
			);
			name = Products;
			sourceTree = "<group>";
		};
/* End PBXGroup section */

/* Begin PBXNativeTarget section */
		0EA8FE262F510B9100F7AFAB /* ClipboardHistory */ = {
			isa = PBXNativeTarget;
			buildConfigurationList = 0EA8FE4B2F510B9400F7AFAB /* Build configuration list for PBXNativeTarget "ClipboardHistory" */;
			buildPhases = (
				0EA8FE232F510B9100F7AFAB /* Sources */,
				0EA8FE242F510B9100F7AFAB /* Frameworks */,
				0EA8FE252F510B9100F7AFAB /* Resources */,
			);
			buildRules = (
			);
			dependencies = (
			);
			name = ClipboardHistory;
			packageProductDependencies = (
			);
			productName = ClipboardHistory;
			productReference = 0EA8FE272F510B9100F7AFAB /* ClipboardHistory.app */;
			productType = "com.apple.product-type.application";
		};
		0EA8FE362F510B9400F7AFAB /* ClipboardHistoryTests */ = {
			isa = PBXNativeTarget;
			buildConfigurationList = 0EA8FE4E2F510B9400F7AFAB /* Build configuration list for PBXNativeTarget "ClipboardHistoryTests" */;
			buildPhases = (
				0EA8FE332F510B9400F7AFAB /* Sources */,
				0EA8FE342F510B9400F7AFAB /* Frameworks */,
				0EA8FE352F510B9400F7AFAB /* Resources */,
			);
			buildRules = (
			);
			dependencies = (
				0EA8FE392F510B9400F7AFAB /* PBXTargetDependency */,
			);
			name = ClipboardHistoryTests;
			packageProductDependencies = (
			);
			productName = ClipboardHistoryTests;
			productReference = 0EA8FE372F510B9400F7AFAB /* ClipboardHistoryTests.xctest */;
			productType = "com.apple.product-type.bundle.unit-test";
		};
/* End PBXNativeTarget section */

/* Begin PBXProject section */
		0EA8FE1F2F510B9000F7AFAB /* Project object */ = {
			isa = PBXProject;
			attributes = {
				BuildIndependentTargetsInParallel = 1;
				LastSwiftUpdateCheck = 1640;
				LastUpgradeCheck = 1640;
				TargetAttributes = {
					0EA8FE262F510B9100F7AFAB = {
						CreatedOnToolsVersion = 16.4;
					};
					0EA8FE362F510B9400F7AFAB = {
						CreatedOnToolsVersion = 16.4;
						TestTargetID = 0EA8FE262F510B9100F7AFAB;
					};
				};
			};
			buildConfigurationList = 0EA8FE222F510B9000F7AFAB /* Build configuration list for PBXProject "ClipboardHistory" */;
			developmentRegion = en;
			hasScannedForEncodings = 0;
			knownRegions = (
				en,
				Base,
			);
			mainGroup = 0EA8FE1E2F510B9000F7AFAB;
			minimizedProjectReferenceProxies = 1;
			preferredProjectObjectVersion = 77;
			productRefGroup = 0EA8FE282F510B9100F7AFAB /* Products */;
			projectDirPath = "";
			projectRoot = "";
			targets = (
				0EA8FE262F510B9100F7AFAB /* ClipboardHistory */,
				0EA8FE362F510B9400F7AFAB /* ClipboardHistoryTests */,
			);
		};
/* End PBXProject section */

/* Begin PBXResourcesBuildPhase section */
		0EA8FE252F510B9100F7AFAB /* Resources */ = {
			isa = PBXResourcesBuildPhase;
			buildActionMask = 2147483647;
			files = (
				A1B2C3D4E5F6000000000001 /* Assets.xcassets in Resources */,
			);
			runOnlyForDeploymentPostprocessing = 0;
		};
		0EA8FE352F510B9400F7AFAB /* Resources */ = {
			isa = PBXResourcesBuildPhase;
			buildActionMask = 2147483647;
			files = (
			);
			runOnlyForDeploymentPostprocessing = 0;
		};
/* End PBXResourcesBuildPhase section */

/* Begin PBXSourcesBuildPhase section */
		0EA8FE232F510B9100F7AFAB /* Sources */ = {
			isa = PBXSourcesBuildPhase;
			buildActionMask = 2147483647;
			files = (
			);
			runOnlyForDeploymentPostprocessing = 0;
		};
		0EA8FE332F510B9400F7AFAB /* Sources */ = {
			isa = PBXSourcesBuildPhase;
			buildActionMask = 2147483647;
			files = (
			);
			runOnlyForDeploymentPostprocessing = 0;
		};
/* End PBXSourcesBuildPhase section */

/* Begin PBXTargetDependency section */
		0EA8FE392F510B9400F7AFAB /* PBXTargetDependency */ = {
			isa = PBXTargetDependency;
			target = 0EA8FE262F510B9100F7AFAB /* ClipboardHistory */;
			targetProxy = 0EA8FE382F510B9400F7AFAB /* PBXContainerItemProxy */;
		};
/* End PBXTargetDependency section */

/* Begin XCBuildConfiguration section */
		0EA8FE492F510B9400F7AFAB /* Debug */ = {
			isa = XCBuildConfiguration;
			buildSettings = {
				ALWAYS_SEARCH_USER_PATHS = NO;
				ASSETCATALOG_COMPILER_GENERATE_SWIFT_ASSET_SYMBOL_EXTENSIONS = YES;
				CLANG_ANALYZER_NONNULL = YES;
				CLANG_ANALYZER_NUMBER_OBJECT_CONVERSION = YES_AGGRESSIVE;
				CLANG_CXX_LANGUAGE_STANDARD = "gnu++20";
				CLANG_ENABLE_MODULES = YES;
				CLANG_ENABLE_OBJC_ARC = YES;
				CLANG_ENABLE_OBJC_WEAK = YES;
				CLANG_WARN_BLOCK_CAPTURE_AUTORELEASING = YES;
				CLANG_WARN_BOOL_CONVERSION = YES;
				CLANG_WARN_COMMA = YES;
				CLANG_WARN_CONSTANT_CONVERSION = YES;
				CLANG_WARN_DEPRECATED_OBJC_IMPLEMENTATIONS = YES;
				CLANG_WARN_DIRECT_OBJC_ISA_USAGE = YES_ERROR;
				CLANG_WARN_DOCUMENTATION_COMMENTS = YES;
				CLANG_WARN_EMPTY_BODY = YES;
				CLANG_WARN_ENUM_CONVERSION = YES;
				CLANG_WARN_INFINITE_RECURSION = YES;
				CLANG_WARN_INT_CONVERSION = YES;
				CLANG_WARN_NON_LITERAL_NULL_CONVERSION = YES;
				CLANG_WARN_OBJC_IMPLICIT_RETAIN_SELF = YES;
				CLANG_WARN_OBJC_LITERAL_CONVERSION = YES;
				CLANG_WARN_OBJC_ROOT_CLASS = YES_ERROR;
				CLANG_WARN_QUOTED_INCLUDE_IN_FRAMEWORK_HEADER = YES;
				CLANG_WARN_RANGE_LOOP_ANALYSIS = YES;
				CLANG_WARN_STRICT_PROTOTYPES = YES;
				CLANG_WARN_SUSPICIOUS_MOVE = YES;
				CLANG_WARN_UNGUARDED_AVAILABILITY = YES_AGGRESSIVE;
				CLANG_WARN_UNREACHABLE_CODE = YES;
				CLANG_WARN__DUPLICATE_METHOD_MATCH = YES;
				COPY_PHASE_STRIP = NO;
				DEBUG_INFORMATION_FORMAT = dwarf;
				DEVELOPMENT_TEAM = BHX7Y6PRF8;
				ENABLE_STRICT_OBJC_MSGSEND = YES;
				ENABLE_TESTABILITY = YES;
				ENABLE_USER_SCRIPT_SANDBOXING = YES;
				GCC_C_LANGUAGE_STANDARD = gnu17;
				GCC_DYNAMIC_NO_PIC = NO;
				GCC_NO_COMMON_BLOCKS = YES;
				GCC_OPTIMIZATION_LEVEL = 0;
				GCC_PREPROCESSOR_DEFINITIONS = (
					"DEBUG=1",
					"$(inherited)",
				);
				GCC_WARN_64_TO_32_BIT_CONVERSION = YES;
				GCC_WARN_ABOUT_RETURN_TYPE = YES_ERROR;
				GCC_WARN_UNDECLARED_SELECTOR = YES;
				GCC_WARN_UNINITIALIZED_AUTOS = YES_AGGRESSIVE;
				GCC_WARN_UNUSED_FUNCTION = YES;
				GCC_WARN_UNUSED_VARIABLE = YES;
				LOCALIZATION_PREFERS_STRING_CATALOGS = YES;
				MACOSX_DEPLOYMENT_TARGET = 15.3;
				MTL_ENABLE_DEBUG_INFO = INCLUDE_SOURCE;
				MTL_FAST_MATH = YES;
				ONLY_ACTIVE_ARCH = YES;
				SDKROOT = macosx;
				SWIFT_ACTIVE_COMPILATION_CONDITIONS = "DEBUG $(inherited)";
				SWIFT_OPTIMIZATION_LEVEL = "-Onone";
			};
			name = Debug;
		};
		0EA8FE4A2F510B9400F7AFAB /* Release */ = {
			isa = XCBuildConfiguration;
			buildSettings = {
				ALWAYS_SEARCH_USER_PATHS = NO;
				ASSETCATALOG_COMPILER_GENERATE_SWIFT_ASSET_SYMBOL_EXTENSIONS = YES;
				CLANG_ANALYZER_NONNULL = YES;
				CLANG_ANALYZER_NUMBER_OBJECT_CONVERSION = YES_AGGRESSIVE;
				CLANG_CXX_LANGUAGE_STANDARD = "gnu++20";
				CLANG_ENABLE_MODULES = YES;
				CLANG_ENABLE_OBJC_ARC = YES;
				CLANG_ENABLE_OBJC_WEAK = YES;
				CLANG_WARN_BLOCK_CAPTURE_AUTORELEASING = YES;
				CLANG_WARN_BOOL_CONVERSION = YES;
				CLANG_WARN_COMMA = YES;
				CLANG_WARN_CONSTANT_CONVERSION = YES;
				CLANG_WARN_DEPRECATED_OBJC_IMPLEMENTATIONS = YES;
				CLANG_WARN_DIRECT_OBJC_ISA_USAGE = YES_ERROR;
				CLANG_WARN_DOCUMENTATION_COMMENTS = YES;
				CLANG_WARN_EMPTY_BODY = YES;
				CLANG_WARN_ENUM_CONVERSION = YES;
				CLANG_WARN_INFINITE_RECURSION = YES;
				CLANG_WARN_INT_CONVERSION = YES;
				CLANG_WARN_NON_LITERAL_NULL_CONVERSION = YES;
				CLANG_WARN_OBJC_IMPLICIT_RETAIN_SELF = YES;
				CLANG_WARN_OBJC_LITERAL_CONVERSION = YES;
				CLANG_WARN_OBJC_ROOT_CLASS = YES_ERROR;
				CLANG_WARN_QUOTED_INCLUDE_IN_FRAMEWORK_HEADER = YES;
				CLANG_WARN_RANGE_LOOP_ANALYSIS = YES;
				CLANG_WARN_STRICT_PROTOTYPES = YES;
				CLANG_WARN_SUSPICIOUS_MOVE = YES;
					CLANG_WARN_UNGUARDED_AVAILABILITY = YES_AGGRESSIVE;
					CLANG_WARN_UNREACHABLE_CODE = YES;
					CLANG_WARN__DUPLICATE_METHOD_MATCH = YES;
					CLANG_COVERAGE_MAPPING = NO;
					COPY_PHASE_STRIP = NO;
					DEBUG_INFORMATION_FORMAT = "dwarf-with-dsym";
					DEVELOPMENT_TEAM = BHX7Y6PRF8;
					ENABLE_CODE_COVERAGE = NO;
					ENABLE_NS_ASSERTIONS = NO;
				ENABLE_STRICT_OBJC_MSGSEND = YES;
				ENABLE_USER_SCRIPT_SANDBOXING = YES;
				GCC_C_LANGUAGE_STANDARD = gnu17;
				GCC_NO_COMMON_BLOCKS = YES;
				GCC_WARN_64_TO_32_BIT_CONVERSION = YES;
				GCC_WARN_ABOUT_RETURN_TYPE = YES_ERROR;
				GCC_WARN_UNDECLARED_SELECTOR = YES;
				GCC_WARN_UNINITIALIZED_AUTOS = YES_AGGRESSIVE;
				GCC_WARN_UNUSED_FUNCTION = YES;
				GCC_WARN_UNUSED_VARIABLE = YES;
				LOCALIZATION_PREFERS_STRING_CATALOGS = YES;
				MACOSX_DEPLOYMENT_TARGET = 15.3;
				MTL_ENABLE_DEBUG_INFO = NO;
				MTL_FAST_MATH = YES;
				SDKROOT = macosx;
				SWIFT_COMPILATION_MODE = wholemodule;
			};
			name = Release;
		};
		0EA8FE4C2F510B9400F7AFAB /* Debug */ = {
			isa = XCBuildConfiguration;
			buildSettings = {
				ASSETCATALOG_COMPILER_APPICON_NAME = AppIcon;
				ASSETCATALOG_COMPILER_GLOBAL_ACCENT_COLOR_NAME = AccentColor;
					CODE_SIGN_ENTITLEMENTS = "";
					"CODE_SIGN_IDENTITY[sdk=macosx*]" = "Apple Development";
					CODE_SIGN_STYLE = Manual;
					CLANG_COVERAGE_MAPPING = NO;
					COMBINE_HIDPI_IMAGES = YES;
					CURRENT_PROJECT_VERSION = 12;
					DEVELOPMENT_TEAM = "";
					"DEVELOPMENT_TEAM[sdk=macosx*]" = BHX7Y6PRF8;
					ENABLE_CODE_COVERAGE = NO;
					ENABLE_HARDENED_RUNTIME = YES;
					ENABLE_PREVIEWS = YES;
					GENERATE_INFOPLIST_FILE = NO;
					INFOPLIST_FILE = App/Info.plist;
				LD_RUNPATH_SEARCH_PATHS = (
					"$(inherited)",
					"@executable_path/../Frameworks",
					);
					MACOSX_DEPLOYMENT_TARGET = 14.0;
					MARKETING_VERSION = 1.1.3;
					PRODUCT_BUNDLE_IDENTIFIER = "kazushi-koshimo.ClipboardHistory";
					PRODUCT_NAME = "$(TARGET_NAME)";
					PROVISIONING_PROFILE_SPECIFIER = "";
				"PROVISIONING_PROFILE_SPECIFIER[sdk=macosx*]" = "";
				REGISTER_APP_GROUPS = YES;
				SWIFT_EMIT_LOC_STRINGS = YES;
				SWIFT_VERSION = 5.0;
			};
			name = Debug;
		};
		0EA8FE4D2F510B9400F7AFAB /* Release */ = {
			isa = XCBuildConfiguration;
			buildSettings = {
				ASSETCATALOG_COMPILER_APPICON_NAME = AppIcon;
				ASSETCATALOG_COMPILER_GLOBAL_ACCENT_COLOR_NAME = AccentColor;
					CODE_SIGN_ENTITLEMENTS = "";
					"CODE_SIGN_IDENTITY[sdk=macosx*]" = "Apple Development";
					CODE_SIGN_STYLE = Manual;
					CLANG_COVERAGE_MAPPING = NO;
					COMBINE_HIDPI_IMAGES = YES;
					CURRENT_PROJECT_VERSION = 12;
					DEVELOPMENT_TEAM = "";
					"DEVELOPMENT_TEAM[sdk=macosx*]" = BHX7Y6PRF8;
					ENABLE_CODE_COVERAGE = NO;
					ENABLE_HARDENED_RUNTIME = YES;
					ENABLE_PREVIEWS = YES;
					GENERATE_INFOPLIST_FILE = NO;
					INFOPLIST_FILE = App/Info.plist;
				LD_RUNPATH_SEARCH_PATHS = (
					"$(inherited)",
					"@executable_path/../Frameworks",
					);
					MACOSX_DEPLOYMENT_TARGET = 14.0;
					MARKETING_VERSION = 1.1.3;
					PRODUCT_BUNDLE_IDENTIFIER = "kazushi-koshimo.ClipboardHistory";
					PRODUCT_NAME = "$(TARGET_NAME)";
					PROVISIONING_PROFILE_SPECIFIER = "";
				"PROVISIONING_PROFILE_SPECIFIER[sdk=macosx*]" = "";
				REGISTER_APP_GROUPS = YES;
				SWIFT_EMIT_LOC_STRINGS = YES;
				SWIFT_VERSION = 5.0;
			};
			name = Release;
		};
		0EA8FE4F2F510B9400F7AFAB /* Debug */ = {
			isa = XCBuildConfiguration;
				buildSettings = {
					BUNDLE_LOADER = "$(TEST_HOST)";
					CODE_SIGN_STYLE = Automatic;
					CURRENT_PROJECT_VERSION = 12;
					DEVELOPMENT_TEAM = BHX7Y6PRF8;
					GENERATE_INFOPLIST_FILE = YES;
					MACOSX_DEPLOYMENT_TARGET = 14.0;
					MARKETING_VERSION = 1.1.3;
					PRODUCT_BUNDLE_IDENTIFIER = "kazushi-koshimo.ClipboardHistoryTests";
					PRODUCT_NAME = "$(TARGET_NAME)";
					SWIFT_EMIT_LOC_STRINGS = NO;
				SWIFT_VERSION = 5.0;
				TEST_HOST = "$(BUILT_PRODUCTS_DIR)/ClipboardHistory.app/$(BUNDLE_EXECUTABLE_FOLDER_PATH)/ClipboardHistory";
			};
			name = Debug;
		};
		0EA8FE502F510B9400F7AFAB /* Release */ = {
			isa = XCBuildConfiguration;
				buildSettings = {
					BUNDLE_LOADER = "$(TEST_HOST)";
					CODE_SIGN_STYLE = Automatic;
					CURRENT_PROJECT_VERSION = 12;
					DEVELOPMENT_TEAM = BHX7Y6PRF8;
					GENERATE_INFOPLIST_FILE = YES;
					MACOSX_DEPLOYMENT_TARGET = 14.0;
					MARKETING_VERSION = 1.1.3;
					PRODUCT_BUNDLE_IDENTIFIER = "kazushi-koshimo.ClipboardHistoryTests";
					PRODUCT_NAME = "$(TARGET_NAME)";
					SWIFT_EMIT_LOC_STRINGS = NO;
				SWIFT_VERSION = 5.0;
				TEST_HOST = "$(BUILT_PRODUCTS_DIR)/ClipboardHistory.app/$(BUNDLE_EXECUTABLE_FOLDER_PATH)/ClipboardHistory";
			};
			name = Release;
		};
/* End XCBuildConfiguration section */

/* Begin XCConfigurationList section */
		0EA8FE222F510B9000F7AFAB /* Build configuration list for PBXProject "ClipboardHistory" */ = {
			isa = XCConfigurationList;
			buildConfigurations = (
				0EA8FE492F510B9400F7AFAB /* Debug */,
				0EA8FE4A2F510B9400F7AFAB /* Release */,
			);
			defaultConfigurationIsVisible = 0;
			defaultConfigurationName = Release;
		};
		0EA8FE4B2F510B9400F7AFAB /* Build configuration list for PBXNativeTarget "ClipboardHistory" */ = {
			isa = XCConfigurationList;
			buildConfigurations = (
				0EA8FE4C2F510B9400F7AFAB /* Debug */,
				0EA8FE4D2F510B9400F7AFAB /* Release */,
			);
			defaultConfigurationIsVisible = 0;
			defaultConfigurationName = Release;
		};
		0EA8FE4E2F510B9400F7AFAB /* Build configuration list for PBXNativeTarget "ClipboardHistoryTests" */ = {
			isa = XCConfigurationList;
			buildConfigurations = (
				0EA8FE4F2F510B9400F7AFAB /* Debug */,
				0EA8FE502F510B9400F7AFAB /* Release */,
			);
			defaultConfigurationIsVisible = 0;
			defaultConfigurationName = Release;
		};
/* End XCConfigurationList section */
	};
	rootObject = 0EA8FE1F2F510B9000F7AFAB /* Project object */;
}
